
Microsoft Visual Studio Solution File, Format Version 12.00
# Visual Studio 14
VisualStudioVersion = 14.0.25420.1
MinimumVisualStudioVersion = 10.0.40219.1
Project("{FAE04EC0-301F-11D3-BF4B-00C04F79EFBC}") = "Ujo.IpfsImage.WebJobs", "Ujo.IpfsImage.WebJobs\Ujo.IpfsImage.WebJobs.csproj", "{DED5C1E4-60BF-4D18-9242-C0512E9AFC98}"
EndProject
Project("{FAE04EC0-301F-11D3-BF4B-00C04F79EFBC}") = "Ujo.IpfsImage.Services", "Ujo.IpfsImage.Services\Ujo.IpfsImage.Services.csproj", "{6EAFDD98-063B-485C-ABE6-00589A9A70F5}"
EndProject
Global
	GlobalSection(SolutionConfigurationPlatforms) = preSolution
		Debug|Any CPU = Debug|Any CPU
		Release|Any CPU = Release|Any CPU
	EndGlobalSection
	GlobalSection(ProjectConfigurationPlatforms) = postSolution
		{DED5C1E4-60BF-4D18-9242-C0512E9AFC98}.Debug|Any CPU.ActiveCfg = Debug|Any CPU
		{DED5C1E4-60BF-4D18-9242-C0512E9AFC98}.Debug|Any CPU.Build.0 = Debug|Any CPU
		{DED5C1E4-60BF-4D18-9242-C0512E9AFC98}.Release|Any CPU.ActiveCfg = Release|Any CPU
		{DED5C1E4-60BF-4D18-9242-C0512E9AFC98}.Release|Any CPU.Build.0 = Release|Any CPU
		{6EAFDD98-063B-485C-ABE6-00589A9A70F5}.Debug|Any CPU.ActiveCfg = Debug|Any CPU
		{6EAFDD98-063B-485C-ABE6-00589A9A70F5}.Debug|Any CPU.Build.0 = Debug|Any CPU
		{6EAFDD98-063B-485C-ABE6-00589A9A70F5}.Release|Any CPU.ActiveCfg = Release|Any CPU
		{6EAFDD98-063B-485C-ABE6-00589A9A70F5}.Release|Any CPU.Build.0 = Release|Any CPU
	EndGlobalSection
	GlobalSection(SolutionProperties) = preSolution
		HideSolutionNode = FALSE
	EndGlobalSection
EndGlobal
