
Microsoft Visual Studio Solution File, Format Version 12.00
# Visual Studio 14
VisualStudioVersion = 14.0.25420.1
MinimumVisualStudioVersion = 10.0.40219.1
Project("{FAE04EC0-301F-11D3-BF4B-00C04F79EFBC}") = "Ujo.Search.Service", "Ujo.Search.Service\Ujo.Search.Service.csproj", "{75AEE6D2-DB12-4976-A056-61FFE84631B0}"
EndProject
Project("{FAE04EC0-301F-11D3-BF4B-00C04F79EFBC}") = "Ujo.Search.Service.Tests", "Ujo.Search.Service.Tests\Ujo.Search.Service.Tests.csproj", "{C1B7B0C7-09A5-4788-B4AC-377A92F38018}"
EndProject
Project("{2150E333-8FDC-42A3-9474-1A3956D46DE8}") = "ExternalDependencies", "ExternalDependencies", "{E8896AB3-0F6A-4341-B3F5-59F8950858AA}"
EndProject
Project("{FAE04EC0-301F-11D3-BF4B-00C04F79EFBC}") = "Ujo.Work.Storage", "..\..\work-backend\Ujo.Work\Ujo.Work.Storage\Ujo.Work.Storage.csproj", "{6E50E229-5DB7-4343-8B43-F4BADBEB3589}"
EndProject
Global
	GlobalSection(SolutionConfigurationPlatforms) = preSolution
		Debug|Any CPU = Debug|Any CPU
		Release|Any CPU = Release|Any CPU
	EndGlobalSection
	GlobalSection(ProjectConfigurationPlatforms) = postSolution
		{75AEE6D2-DB12-4976-A056-61FFE84631B0}.Debug|Any CPU.ActiveCfg = Debug|Any CPU
		{75AEE6D2-DB12-4976-A056-61FFE84631B0}.Debug|Any CPU.Build.0 = Debug|Any CPU
		{75AEE6D2-DB12-4976-A056-61FFE84631B0}.Release|Any CPU.ActiveCfg = Release|Any CPU
		{75AEE6D2-DB12-4976-A056-61FFE84631B0}.Release|Any CPU.Build.0 = Release|Any CPU
		{C1B7B0C7-09A5-4788-B4AC-377A92F38018}.Debug|Any CPU.ActiveCfg = Debug|Any CPU
		{C1B7B0C7-09A5-4788-B4AC-377A92F38018}.Debug|Any CPU.Build.0 = Debug|Any CPU
		{C1B7B0C7-09A5-4788-B4AC-377A92F38018}.Release|Any CPU.ActiveCfg = Release|Any CPU
		{C1B7B0C7-09A5-4788-B4AC-377A92F38018}.Release|Any CPU.Build.0 = Release|Any CPU
		{6E50E229-5DB7-4343-8B43-F4BADBEB3589}.Debug|Any CPU.ActiveCfg = Debug|Any CPU
		{6E50E229-5DB7-4343-8B43-F4BADBEB3589}.Debug|Any CPU.Build.0 = Debug|Any CPU
		{6E50E229-5DB7-4343-8B43-F4BADBEB3589}.Release|Any CPU.ActiveCfg = Release|Any CPU
		{6E50E229-5DB7-4343-8B43-F4BADBEB3589}.Release|Any CPU.Build.0 = Release|Any CPU
	EndGlobalSection
	GlobalSection(SolutionProperties) = preSolution
		HideSolutionNode = FALSE
	EndGlobalSection
	GlobalSection(NestedProjects) = preSolution
		{6E50E229-5DB7-4343-8B43-F4BADBEB3589} = {E8896AB3-0F6A-4341-B3F5-59F8950858AA}
	EndGlobalSection
	GlobalSection(ExtensibilityGlobals) = postSolution
		EnterpriseLibraryConfigurationToolBinariesPathV6 = packages\EnterpriseLibrary.TransientFaultHandling.6.0.1304.0\lib\portable-net45+win+wp8
	EndGlobalSection
EndGlobal
