
Microsoft Visual Studio Solution File, Format Version 12.00
# Visual Studio 14
VisualStudioVersion = 14.0.25420.1
MinimumVisualStudioVersion = 10.0.40219.1
Project("{FAE04EC0-301F-11D3-BF4B-00C04F79EFBC}") = "Ujo.WorkRegistry.Service", "Ujo.WorkRegistry.Service\Ujo.WorkRegistry.Service.csproj", "{300A4CC8-6C62-4DD2-9EBB-2EDC17063420}"
EndProject
Project("{2150E333-8FDC-42A3-9474-1A3956D46DE8}") = "Tests", "Tests", "{9C204422-938F-4C0C-AE02-6749A224A6D4}"
EndProject
Project("{FAE04EC0-301F-11D3-BF4B-00C04F79EFBC}") = "Ujo.WorkRegistry.Service.Tests", "Tests\Ujo.WorkRegistry.Service.Tests\Ujo.WorkRegistry.Service.Tests.csproj", "{271031E7-C0A2-4831-B775-4B5256594D5D}"
EndProject
Project("{FAE04EC0-301F-11D3-BF4B-00C04F79EFBC}") = "Nethereum.IntegrationTesting", "Tests\Nethereum.IntegrationTesting\Nethereum.IntegrationTesting.csproj", "{C1389653-9C1F-4A5B-818B-AF4CE59CFD92}"
EndProject
Project("{FAE04EC0-301F-11D3-BF4B-00C04F79EFBC}") = "Ujo.WorkRegistry.WebJob", "Ujo.WorkRegistry.WebJob\Ujo.WorkRegistry.WebJob.csproj", "{319A6756-BF45-430E-BAF8-CABFF7B5E426}"
EndProject
Project("{FAE04EC0-301F-11D3-BF4B-00C04F79EFBC}") = "Ujo.WorkRegistry.Console.Tests", "Ujo.WorkRegistry.Console.Tests\Ujo.WorkRegistry.Console.Tests.csproj", "{D433F700-0646-478B-B75C-AF13BE1F9F30}"
EndProject
Project("{FAE04EC0-301F-11D3-BF4B-00C04F79EFBC}") = "Ujo.WorkRegistry.Storage", "Ujo.WorkRegistry.Storage\Ujo.WorkRegistry.Storage.csproj", "{20D80614-0F69-4000-9A79-12C9D0EC8197}"
EndProject
Global
	GlobalSection(SolutionConfigurationPlatforms) = preSolution
		Debug|Any CPU = Debug|Any CPU
		Release|Any CPU = Release|Any CPU
	EndGlobalSection
	GlobalSection(ProjectConfigurationPlatforms) = postSolution
		{300A4CC8-6C62-4DD2-9EBB-2EDC17063420}.Debug|Any CPU.ActiveCfg = Debug|Any CPU
		{300A4CC8-6C62-4DD2-9EBB-2EDC17063420}.Debug|Any CPU.Build.0 = Debug|Any CPU
		{300A4CC8-6C62-4DD2-9EBB-2EDC17063420}.Release|Any CPU.ActiveCfg = Release|Any CPU
		{300A4CC8-6C62-4DD2-9EBB-2EDC17063420}.Release|Any CPU.Build.0 = Release|Any CPU
		{271031E7-C0A2-4831-B775-4B5256594D5D}.Debug|Any CPU.ActiveCfg = Debug|Any CPU
		{271031E7-C0A2-4831-B775-4B5256594D5D}.Debug|Any CPU.Build.0 = Debug|Any CPU
		{271031E7-C0A2-4831-B775-4B5256594D5D}.Release|Any CPU.ActiveCfg = Release|Any CPU
		{271031E7-C0A2-4831-B775-4B5256594D5D}.Release|Any CPU.Build.0 = Release|Any CPU
		{C1389653-9C1F-4A5B-818B-AF4CE59CFD92}.Debug|Any CPU.ActiveCfg = Debug|Any CPU
		{C1389653-9C1F-4A5B-818B-AF4CE59CFD92}.Debug|Any CPU.Build.0 = Debug|Any CPU
		{C1389653-9C1F-4A5B-818B-AF4CE59CFD92}.Release|Any CPU.ActiveCfg = Release|Any CPU
		{C1389653-9C1F-4A5B-818B-AF4CE59CFD92}.Release|Any CPU.Build.0 = Release|Any CPU
		{319A6756-BF45-430E-BAF8-CABFF7B5E426}.Debug|Any CPU.ActiveCfg = Debug|Any CPU
		{319A6756-BF45-430E-BAF8-CABFF7B5E426}.Debug|Any CPU.Build.0 = Debug|Any CPU
		{319A6756-BF45-430E-BAF8-CABFF7B5E426}.Release|Any CPU.ActiveCfg = Release|Any CPU
		{319A6756-BF45-430E-BAF8-CABFF7B5E426}.Release|Any CPU.Build.0 = Release|Any CPU
		{D433F700-0646-478B-B75C-AF13BE1F9F30}.Debug|Any CPU.ActiveCfg = Debug|Any CPU
		{D433F700-0646-478B-B75C-AF13BE1F9F30}.Debug|Any CPU.Build.0 = Debug|Any CPU
		{D433F700-0646-478B-B75C-AF13BE1F9F30}.Release|Any CPU.ActiveCfg = Release|Any CPU
		{D433F700-0646-478B-B75C-AF13BE1F9F30}.Release|Any CPU.Build.0 = Release|Any CPU
		{20D80614-0F69-4000-9A79-12C9D0EC8197}.Debug|Any CPU.ActiveCfg = Debug|Any CPU
		{20D80614-0F69-4000-9A79-12C9D0EC8197}.Debug|Any CPU.Build.0 = Debug|Any CPU
		{20D80614-0F69-4000-9A79-12C9D0EC8197}.Release|Any CPU.ActiveCfg = Release|Any CPU
		{20D80614-0F69-4000-9A79-12C9D0EC8197}.Release|Any CPU.Build.0 = Release|Any CPU
	EndGlobalSection
	GlobalSection(SolutionProperties) = preSolution
		HideSolutionNode = FALSE
	EndGlobalSection
	GlobalSection(NestedProjects) = preSolution
		{271031E7-C0A2-4831-B775-4B5256594D5D} = {9C204422-938F-4C0C-AE02-6749A224A6D4}
		{C1389653-9C1F-4A5B-818B-AF4CE59CFD92} = {9C204422-938F-4C0C-AE02-6749A224A6D4}
		{D433F700-0646-478B-B75C-AF13BE1F9F30} = {9C204422-938F-4C0C-AE02-6749A224A6D4}
	EndGlobalSection
EndGlobal
