
Microsoft Visual Studio Solution File, Format Version 12.00
# Visual Studio 14
VisualStudioVersion = 14.0.25420.1
MinimumVisualStudioVersion = 10.0.40219.1
Project("{FAE04EC0-301F-11D3-BF4B-00C04F79EFBC}") = "Ujo.Work.Service", "Ujo.Work.Service\Ujo.Work.Service.csproj", "{4C859109-4732-41A3-A472-98EBE4C30774}"
EndProject
Project("{2150E333-8FDC-42A3-9474-1A3956D46DE8}") = "Tests", "Tests", "{9BA2C77E-23AD-4F4D-8183-215576C0A121}"
EndProject
Project("{FAE04EC0-301F-11D3-BF4B-00C04F79EFBC}") = "Ujo.Work.Service.Tests", "Tests\Ujo.Work.Service.Tests\Ujo.Work.Service.Tests.csproj", "{45AED044-B90E-47E8-9B4D-FF30E525B136}"
EndProject
Project("{FAE04EC0-301F-11D3-BF4B-00C04F79EFBC}") = "Nethereum.IntegrationTesting", "..\..\contract-registry-backend\Ujo.WorkRegistry\Tests\Nethereum.IntegrationTesting\Nethereum.IntegrationTesting.csproj", "{C1389653-9C1F-4A5B-818B-AF4CE59CFD92}"
EndProject
Project("{FAE04EC0-301F-11D3-BF4B-00C04F79EFBC}") = "Ujo.Work.Storage", "Ujo.Work.Storage\Ujo.Work.Storage.csproj", "{6E50E229-5DB7-4343-8B43-F4BADBEB3589}"
EndProject
Project("{FAE04EC0-301F-11D3-BF4B-00C04F79EFBC}") = "Ujo.Work.WebJob", "Ujo.Work.WebJob\Ujo.Work.WebJob.csproj", "{CAB82C79-8F8B-4D03-B532-5619A8B8283A}"
EndProject
Project("{2150E333-8FDC-42A3-9474-1A3956D46DE8}") = "External Dependencies", "External Dependencies", "{3DF0967B-6329-4853-84E7-DC49241434AE}"
EndProject
Project("{FAE04EC0-301F-11D3-BF4B-00C04F79EFBC}") = "Ujo.WorkRegistry.Storage", "..\..\contract-registry-backend\Ujo.WorkRegistry\Ujo.WorkRegistry.Storage\Ujo.WorkRegistry.Storage.csproj", "{20D80614-0F69-4000-9A79-12C9D0EC8197}"
EndProject
Project("{FAE04EC0-301F-11D3-BF4B-00C04F79EFBC}") = "Ujo.Work.Model", "Ujo.Work.Model\Ujo.Work.Model.csproj", "{65AA669D-6E50-4836-A277-415DF696C2DC}"
EndProject
Project("{FAE04EC0-301F-11D3-BF4B-00C04F79EFBC}") = "Ujo.Search.Service", "Ujo.Search.Service\Ujo.Search.Service.csproj", "{75AEE6D2-DB12-4976-A056-61FFE84631B0}"
EndProject
Project("{FAE04EC0-301F-11D3-BF4B-00C04F79EFBC}") = "Ujo.Work.Search.Service.Tests", "Tests\Ujo.Work.Search.Service.Tests\Ujo.Work.Search.Service.Tests.csproj", "{DC092CE4-6894-4629-8AFF-CE6F72F79F27}"
EndProject
Global
	GlobalSection(SolutionConfigurationPlatforms) = preSolution
		Debug|Any CPU = Debug|Any CPU
		Release|Any CPU = Release|Any CPU
	EndGlobalSection
	GlobalSection(ProjectConfigurationPlatforms) = postSolution
		{4C859109-4732-41A3-A472-98EBE4C30774}.Debug|Any CPU.ActiveCfg = Debug|Any CPU
		{4C859109-4732-41A3-A472-98EBE4C30774}.Debug|Any CPU.Build.0 = Debug|Any CPU
		{4C859109-4732-41A3-A472-98EBE4C30774}.Release|Any CPU.ActiveCfg = Release|Any CPU
		{4C859109-4732-41A3-A472-98EBE4C30774}.Release|Any CPU.Build.0 = Release|Any CPU
		{45AED044-B90E-47E8-9B4D-FF30E525B136}.Debug|Any CPU.ActiveCfg = Debug|Any CPU
		{45AED044-B90E-47E8-9B4D-FF30E525B136}.Debug|Any CPU.Build.0 = Debug|Any CPU
		{45AED044-B90E-47E8-9B4D-FF30E525B136}.Release|Any CPU.ActiveCfg = Release|Any CPU
		{45AED044-B90E-47E8-9B4D-FF30E525B136}.Release|Any CPU.Build.0 = Release|Any CPU
		{C1389653-9C1F-4A5B-818B-AF4CE59CFD92}.Debug|Any CPU.ActiveCfg = Debug|Any CPU
		{C1389653-9C1F-4A5B-818B-AF4CE59CFD92}.Debug|Any CPU.Build.0 = Debug|Any CPU
		{C1389653-9C1F-4A5B-818B-AF4CE59CFD92}.Release|Any CPU.ActiveCfg = Release|Any CPU
		{C1389653-9C1F-4A5B-818B-AF4CE59CFD92}.Release|Any CPU.Build.0 = Release|Any CPU
		{6E50E229-5DB7-4343-8B43-F4BADBEB3589}.Debug|Any CPU.ActiveCfg = Debug|Any CPU
		{6E50E229-5DB7-4343-8B43-F4BADBEB3589}.Debug|Any CPU.Build.0 = Debug|Any CPU
		{6E50E229-5DB7-4343-8B43-F4BADBEB3589}.Release|Any CPU.ActiveCfg = Release|Any CPU
		{6E50E229-5DB7-4343-8B43-F4BADBEB3589}.Release|Any CPU.Build.0 = Release|Any CPU
		{CAB82C79-8F8B-4D03-B532-5619A8B8283A}.Debug|Any CPU.ActiveCfg = Debug|Any CPU
		{CAB82C79-8F8B-4D03-B532-5619A8B8283A}.Debug|Any CPU.Build.0 = Debug|Any CPU
		{CAB82C79-8F8B-4D03-B532-5619A8B8283A}.Release|Any CPU.ActiveCfg = Release|Any CPU
		{CAB82C79-8F8B-4D03-B532-5619A8B8283A}.Release|Any CPU.Build.0 = Release|Any CPU
		{20D80614-0F69-4000-9A79-12C9D0EC8197}.Debug|Any CPU.ActiveCfg = Debug|Any CPU
		{20D80614-0F69-4000-9A79-12C9D0EC8197}.Debug|Any CPU.Build.0 = Debug|Any CPU
		{20D80614-0F69-4000-9A79-12C9D0EC8197}.Release|Any CPU.ActiveCfg = Release|Any CPU
		{20D80614-0F69-4000-9A79-12C9D0EC8197}.Release|Any CPU.Build.0 = Release|Any CPU
		{65AA669D-6E50-4836-A277-415DF696C2DC}.Debug|Any CPU.ActiveCfg = Debug|Any CPU
		{65AA669D-6E50-4836-A277-415DF696C2DC}.Debug|Any CPU.Build.0 = Debug|Any CPU
		{65AA669D-6E50-4836-A277-415DF696C2DC}.Release|Any CPU.ActiveCfg = Release|Any CPU
		{65AA669D-6E50-4836-A277-415DF696C2DC}.Release|Any CPU.Build.0 = Release|Any CPU
		{75AEE6D2-DB12-4976-A056-61FFE84631B0}.Debug|Any CPU.ActiveCfg = Debug|Any CPU
		{75AEE6D2-DB12-4976-A056-61FFE84631B0}.Debug|Any CPU.Build.0 = Debug|Any CPU
		{75AEE6D2-DB12-4976-A056-61FFE84631B0}.Release|Any CPU.ActiveCfg = Release|Any CPU
		{75AEE6D2-DB12-4976-A056-61FFE84631B0}.Release|Any CPU.Build.0 = Release|Any CPU
		{DC092CE4-6894-4629-8AFF-CE6F72F79F27}.Debug|Any CPU.ActiveCfg = Debug|Any CPU
		{DC092CE4-6894-4629-8AFF-CE6F72F79F27}.Debug|Any CPU.Build.0 = Debug|Any CPU
		{DC092CE4-6894-4629-8AFF-CE6F72F79F27}.Release|Any CPU.ActiveCfg = Release|Any CPU
		{DC092CE4-6894-4629-8AFF-CE6F72F79F27}.Release|Any CPU.Build.0 = Release|Any CPU
	EndGlobalSection
	GlobalSection(SolutionProperties) = preSolution
		HideSolutionNode = FALSE
	EndGlobalSection
	GlobalSection(NestedProjects) = preSolution
		{45AED044-B90E-47E8-9B4D-FF30E525B136} = {9BA2C77E-23AD-4F4D-8183-215576C0A121}
		{C1389653-9C1F-4A5B-818B-AF4CE59CFD92} = {9BA2C77E-23AD-4F4D-8183-215576C0A121}
		{20D80614-0F69-4000-9A79-12C9D0EC8197} = {3DF0967B-6329-4853-84E7-DC49241434AE}
		{DC092CE4-6894-4629-8AFF-CE6F72F79F27} = {9BA2C77E-23AD-4F4D-8183-215576C0A121}
	EndGlobalSection
EndGlobal
